
Microsoft Visual Studio Solution File, Format Version 12.00
# Visual Studio Version 17
VisualStudioVersion = 17.5.33516.290
MinimumVisualStudioVersion = 10.0.40219.1
Project("{FAE04EC0-301F-11D3-BF4B-00C04F79EFBC}") = "ContactsApp.View", "ContactsApp.View\ContactsApp.View.csproj", "{8A11B2A8-3BDE-4BC7-A641-152561CF8023}"
EndProject
Global
	GlobalSection(SolutionConfigurationPlatforms) = preSolution
		Debug|Any CPU = Debug|Any CPU
		Release|Any CPU = Release|Any CPU
	EndGlobalSection
	GlobalSection(ProjectConfigurationPlatforms) = postSolution
		{8A11B2A8-3BDE-4BC7-A641-152561CF8023}.Debug|Any CPU.ActiveCfg = Debug|Any CPU
		{8A11B2A8-3BDE-4BC7-A641-152561CF8023}.Debug|Any CPU.Build.0 = Debug|Any CPU
		{8A11B2A8-3BDE-4BC7-A641-152561CF8023}.Release|Any CPU.ActiveCfg = Release|Any CPU
		{8A11B2A8-3BDE-4BC7-A641-152561CF8023}.Release|Any CPU.Build.0 = Release|Any CPU
	EndGlobalSection
	GlobalSection(SolutionProperties) = preSolution
		HideSolutionNode = FALSE
	EndGlobalSection
	GlobalSection(ExtensibilityGlobals) = postSolution
		SolutionGuid = {4D1BF0CA-BA0E-42AD-9A03-A63693074239}
	EndGlobalSection
EndGlobal
